
Microsoft Visual Studio Solution File, Format Version 12.00
# Visual Studio Version 17
VisualStudioVersion = 17.0.31903.59
MinimumVisualStudioVersion = 10.0.40219.1
Project("{2150E333-8FDC-42A3-9474-1A3956D46DE8}") = "src", "src", "{2929C629-40E2-44FE-9E83-28FEA4724595}"
EndProject
Project("{FAE04EC0-301F-11D3-BF4B-00C04F79EFBC}") = "eItems.AppHost", "src\eItems.AppHost\eItems.AppHost.csproj", "{F1C49F89-3707-4605-AED3-F0F3EFD81E74}"
EndProject
Project("{FAE04EC0-301F-11D3-BF4B-00C04F79EFBC}") = "eItems.ServiceDefaults", "src\eItems.ServiceDefaults\eItems.ServiceDefaults.csproj", "{09F33B2D-A851-4E9C-B756-1B14D210243D}"
EndProject
Project("{FAE04EC0-301F-11D3-BF4B-00C04F79EFBC}") = "eItems.ApiService", "src\eItems.ApiService\eItems.ApiService.csproj", "{299B7249-81A8-44C1-A419-226D0A78422B}"
EndProject
Project("{FAE04EC0-301F-11D3-BF4B-00C04F79EFBC}") = "eItems.Web", "src\eItems.Web\eItems.Web.csproj", "{11DD1529-A07C-422A-A7D0-C41534C8505A}"
EndProject
Global
	GlobalSection(SolutionConfigurationPlatforms) = preSolution
		Debug|Any CPU = Debug|Any CPU
		Release|Any CPU = Release|Any CPU
	EndGlobalSection
	GlobalSection(SolutionProperties) = preSolution
		HideSolutionNode = FALSE
	EndGlobalSection
	GlobalSection(ProjectConfigurationPlatforms) = postSolution
		{F1C49F89-3707-4605-AED3-F0F3EFD81E74}.Debug|Any CPU.ActiveCfg = Debug|Any CPU
		{F1C49F89-3707-4605-AED3-F0F3EFD81E74}.Debug|Any CPU.Build.0 = Debug|Any CPU
		{F1C49F89-3707-4605-AED3-F0F3EFD81E74}.Release|Any CPU.ActiveCfg = Release|Any CPU
		{F1C49F89-3707-4605-AED3-F0F3EFD81E74}.Release|Any CPU.Build.0 = Release|Any CPU
		{09F33B2D-A851-4E9C-B756-1B14D210243D}.Debug|Any CPU.ActiveCfg = Debug|Any CPU
		{09F33B2D-A851-4E9C-B756-1B14D210243D}.Debug|Any CPU.Build.0 = Debug|Any CPU
		{09F33B2D-A851-4E9C-B756-1B14D210243D}.Release|Any CPU.ActiveCfg = Release|Any CPU
		{09F33B2D-A851-4E9C-B756-1B14D210243D}.Release|Any CPU.Build.0 = Release|Any CPU
		{299B7249-81A8-44C1-A419-226D0A78422B}.Debug|Any CPU.ActiveCfg = Debug|Any CPU
		{299B7249-81A8-44C1-A419-226D0A78422B}.Debug|Any CPU.Build.0 = Debug|Any CPU
		{299B7249-81A8-44C1-A419-226D0A78422B}.Release|Any CPU.ActiveCfg = Release|Any CPU
		{299B7249-81A8-44C1-A419-226D0A78422B}.Release|Any CPU.Build.0 = Release|Any CPU
		{11DD1529-A07C-422A-A7D0-C41534C8505A}.Debug|Any CPU.ActiveCfg = Debug|Any CPU
		{11DD1529-A07C-422A-A7D0-C41534C8505A}.Debug|Any CPU.Build.0 = Debug|Any CPU
		{11DD1529-A07C-422A-A7D0-C41534C8505A}.Release|Any CPU.ActiveCfg = Release|Any CPU
		{11DD1529-A07C-422A-A7D0-C41534C8505A}.Release|Any CPU.Build.0 = Release|Any CPU
	EndGlobalSection
	GlobalSection(NestedProjects) = preSolution
		{F1C49F89-3707-4605-AED3-F0F3EFD81E74} = {2929C629-40E2-44FE-9E83-28FEA4724595}
		{09F33B2D-A851-4E9C-B756-1B14D210243D} = {2929C629-40E2-44FE-9E83-28FEA4724595}
		{299B7249-81A8-44C1-A419-226D0A78422B} = {2929C629-40E2-44FE-9E83-28FEA4724595}
		{11DD1529-A07C-422A-A7D0-C41534C8505A} = {2929C629-40E2-44FE-9E83-28FEA4724595}
	EndGlobalSection
EndGlobal
